// !$*UTF8*$!
{
	archiveVersion = 1;
	classes = {
	};
	objectVersion = 46;
	objects = {

/* Begin PBXBuildFile section */
		141A0B3A1A5E4E2000D44372 /* main.m in Sources */ = {isa = PBXBuildFile; fileRef = 141A0B391A5E4E2000D44372 /* main.m */; };
		141A0B3D1A5E4E2000D44372 /* AppDelegate.m in Sources */ = {isa = PBXBuildFile; fileRef = 141A0B3C1A5E4E2000D44372 /* AppDelegate.m */; };
		141A0B3F1A5E4E2000D44372 /* Images.xcassets in Resources */ = {isa = PBXBuildFile; fileRef = 141A0B3E1A5E4E2000D44372 /* Images.xcassets */; };
		141A0B421A5E4E2000D44372 /* LaunchScreen.xib in Resources */ = {isa = PBXBuildFile; fileRef = 141A0B401A5E4E2000D44372 /* LaunchScreen.xib */; };
		141A0B4E1A5E4E2000D44372 /* Star_Wars_Jedi_DatabaseTests.m in Sources */ = {isa = PBXBuildFile; fileRef = 141A0B4D1A5E4E2000D44372 /* Star_Wars_Jedi_DatabaseTests.m */; };
		141A0B591A5E4E7800D44372 /* BDBStarWarsCharacter.m in Sources */ = {isa = PBXBuildFile; fileRef = 141A0B581A5E4E7800D44372 /* BDBStarWarsCharacter.m */; };
		141A0B5C1A5E4E8E00D44372 /* BDBJedi.m in Sources */ = {isa = PBXBuildFile; fileRef = 141A0B5B1A5E4E8E00D44372 /* BDBJedi.m */; };
		141A0B5F1A5E4EA500D44372 /* BDBLightSaber.m in Sources */ = {isa = PBXBuildFile; fileRef = 141A0B5E1A5E4EA500D44372 /* BDBLightSaber.m */; };
		141A0B631A5E560500D44372 /* BDBJediViewController.m in Sources */ = {isa = PBXBuildFile; fileRef = 141A0B621A5E560500D44372 /* BDBJediViewController.m */; };
		141A0B681A5E571500D44372 /* BDBKnightViewController.m in Sources */ = {isa = PBXBuildFile; fileRef = 141A0B661A5E571500D44372 /* BDBKnightViewController.m */; };
		141A0B691A5E571500D44372 /* BDBKnightViewController.xib in Resources */ = {isa = PBXBuildFile; fileRef = 141A0B671A5E571500D44372 /* BDBKnightViewController.xib */; };
		141A0B761A5F5CA300D44372 /* light saber png.png in Resources */ = {isa = PBXBuildFile; fileRef = 141A0B751A5F5CA300D44372 /* light saber png.png */; };
		141DB4E41A5F8012001BA782 /* light saber horizontal.png in Resources */ = {isa = PBXBuildFile; fileRef = 141DB4E31A5F8012001BA782 /* light saber horizontal.png */; };
		141DB4E71A5FB0A7001BA782 /* BDBMasterOfPadawanTableViewController.m in Sources */ = {isa = PBXBuildFile; fileRef = 141DB4E61A5FB0A7001BA782 /* BDBMasterOfPadawanTableViewController.m */; };
		14FC16FB1A60FC5700EEA926 /* BDBJediTableViewController.m in Sources */ = {isa = PBXBuildFile; fileRef = 14FC16FA1A60FC5700EEA926 /* BDBJediTableViewController.m */; };
		14FC16FF1A6134F200EEA926 /* light saber table.png in Resources */ = {isa = PBXBuildFile; fileRef = 14FC16FE1A6134F200EEA926 /* light saber table.png */; };
/* End PBXBuildFile section */

/* Begin PBXContainerItemProxy section */
		141A0B481A5E4E2000D44372 /* PBXContainerItemProxy */ = {
			isa = PBXContainerItemProxy;
			containerPortal = 141A0B2C1A5E4E2000D44372 /* Project object */;
			proxyType = 1;
			remoteGlobalIDString = 141A0B331A5E4E2000D44372;
			remoteInfo = "Star Wars Jedi Database";
		};
/* End PBXContainerItemProxy section */

/* Begin PBXFileReference section */
		141A0B341A5E4E2000D44372 /* Star Wars Jedi Database.app */ = {isa = PBXFileReference; explicitFileType = wrapper.application; includeInIndex = 0; path = "Star Wars Jedi Database.app"; sourceTree = BUILT_PRODUCTS_DIR; };
		141A0B381A5E4E2000D44372 /* Info.plist */ = {isa = PBXFileReference; lastKnownFileType = text.plist.xml; path = Info.plist; sourceTree = "<group>"; };
		141A0B391A5E4E2000D44372 /* main.m */ = {isa = PBXFileReference; lastKnownFileType = sourcecode.c.objc; path = main.m; sourceTree = "<group>"; };
		141A0B3B1A5E4E2000D44372 /* AppDelegate.h */ = {isa = PBXFileReference; lastKnownFileType = sourcecode.c.h; path = AppDelegate.h; sourceTree = "<group>"; };
		141A0B3C1A5E4E2000D44372 /* AppDelegate.m */ = {isa = PBXFileReference; lastKnownFileType = sourcecode.c.objc; path = AppDelegate.m; sourceTree = "<group>"; };
		141A0B3E1A5E4E2000D44372 /* Images.xcassets */ = {isa = PBXFileReference; lastKnownFileType = folder.assetcatalog; path = Images.xcassets; sourceTree = "<group>"; };
		141A0B411A5E4E2000D44372 /* Base */ = {isa = PBXFileReference; lastKnownFileType = file.xib; name = Base; path = Base.lproj/LaunchScreen.xib; sourceTree = "<group>"; };
		141A0B471A5E4E2000D44372 /* Star Wars Jedi DatabaseTests.xctest */ = {isa = PBXFileReference; explicitFileType = wrapper.cfbundle; includeInIndex = 0; path = "Star Wars Jedi DatabaseTests.xctest"; sourceTree = BUILT_PRODUCTS_DIR; };
		141A0B4C1A5E4E2000D44372 /* Info.plist */ = {isa = PBXFileReference; lastKnownFileType = text.plist.xml; path = Info.plist; sourceTree = "<group>"; };
		141A0B4D1A5E4E2000D44372 /* Star_Wars_Jedi_DatabaseTests.m */ = {isa = PBXFileReference; lastKnownFileType = sourcecode.c.objc; path = Star_Wars_Jedi_DatabaseTests.m; sourceTree = "<group>"; };
		141A0B571A5E4E7800D44372 /* BDBStarWarsCharacter.h */ = {isa = PBXFileReference; fileEncoding = 4; lastKnownFileType = sourcecode.c.h; path = BDBStarWarsCharacter.h; sourceTree = "<group>"; };
		141A0B581A5E4E7800D44372 /* BDBStarWarsCharacter.m */ = {isa = PBXFileReference; fileEncoding = 4; lastKnownFileType = sourcecode.c.objc; path = BDBStarWarsCharacter.m; sourceTree = "<group>"; };
		141A0B5A1A5E4E8E00D44372 /* BDBJedi.h */ = {isa = PBXFileReference; fileEncoding = 4; lastKnownFileType = sourcecode.c.h; path = BDBJedi.h; sourceTree = "<group>"; };
		141A0B5B1A5E4E8E00D44372 /* BDBJedi.m */ = {isa = PBXFileReference; fileEncoding = 4; lastKnownFileType = sourcecode.c.objc; path = BDBJedi.m; sourceTree = "<group>"; };
		141A0B5D1A5E4EA500D44372 /* BDBLightSaber.h */ = {isa = PBXFileReference; fileEncoding = 4; lastKnownFileType = sourcecode.c.h; path = BDBLightSaber.h; sourceTree = "<group>"; };
		141A0B5E1A5E4EA500D44372 /* BDBLightSaber.m */ = {isa = PBXFileReference; fileEncoding = 4; lastKnownFileType = sourcecode.c.objc; path = BDBLightSaber.m; sourceTree = "<group>"; };
		141A0B611A5E560500D44372 /* BDBJediViewController.h */ = {isa = PBXFileReference; fileEncoding = 4; lastKnownFileType = sourcecode.c.h; path = BDBJediViewController.h; sourceTree = "<group>"; };
		141A0B621A5E560500D44372 /* BDBJediViewController.m */ = {isa = PBXFileReference; fileEncoding = 4; lastKnownFileType = sourcecode.c.objc; path = BDBJediViewController.m; sourceTree = "<group>"; };
		141A0B651A5E571500D44372 /* BDBKnightViewController.h */ = {isa = PBXFileReference; fileEncoding = 4; lastKnownFileType = sourcecode.c.h; path = BDBKnightViewController.h; sourceTree = "<group>"; };
		141A0B661A5E571500D44372 /* BDBKnightViewController.m */ = {isa = PBXFileReference; fileEncoding = 4; lastKnownFileType = sourcecode.c.objc; path = BDBKnightViewController.m; sourceTree = "<group>"; };
		141A0B671A5E571500D44372 /* BDBKnightViewController.xib */ = {isa = PBXFileReference; fileEncoding = 4; lastKnownFileType = file.xib; path = BDBKnightViewController.xib; sourceTree = "<group>"; };
		141A0B751A5F5CA300D44372 /* light saber png.png */ = {isa = PBXFileReference; lastKnownFileType = image.png; path = "light saber png.png"; sourceTree = "<group>"; };
		141DB4E31A5F8012001BA782 /* light saber horizontal.png */ = {isa = PBXFileReference; lastKnownFileType = image.png; path = "light saber horizontal.png"; sourceTree = "<group>"; };
		141DB4E51A5FB0A7001BA782 /* BDBMasterOfPadawanTableViewController.h */ = {isa = PBXFileReference; fileEncoding = 4; lastKnownFileType = sourcecode.c.h; path = BDBMasterOfPadawanTableViewController.h; sourceTree = "<group>"; };
		141DB4E61A5FB0A7001BA782 /* BDBMasterOfPadawanTableViewController.m */ = {isa = PBXFileReference; fileEncoding = 4; lastKnownFileType = sourcecode.c.objc; path = BDBMasterOfPadawanTableViewController.m; sourceTree = "<group>"; };
		14FC16F91A60FC5700EEA926 /* BDBJediTableViewController.h */ = {isa = PBXFileReference; fileEncoding = 4; lastKnownFileType = sourcecode.c.h; path = BDBJediTableViewController.h; sourceTree = "<group>"; };
		14FC16FA1A60FC5700EEA926 /* BDBJediTableViewController.m */ = {isa = PBXFileReference; fileEncoding = 4; lastKnownFileType = sourcecode.c.objc; path = BDBJediTableViewController.m; sourceTree = "<group>"; };
		14FC16FE1A6134F200EEA926 /* light saber table.png */ = {isa = PBXFileReference; lastKnownFileType = image.png; path = "light saber table.png"; sourceTree = "<group>"; };
/* End PBXFileReference section */

/* Begin PBXFrameworksBuildPhase section */
		141A0B311A5E4E2000D44372 /* Frameworks */ = {
			isa = PBXFrameworksBuildPhase;
			buildActionMask = 2147483647;
			files = (
			);
			runOnlyForDeploymentPostprocessing = 0;
		};
		141A0B441A5E4E2000D44372 /* Frameworks */ = {
			isa = PBXFrameworksBuildPhase;
			buildActionMask = 2147483647;
			files = (
			);
			runOnlyForDeploymentPostprocessing = 0;
		};
/* End PBXFrameworksBuildPhase section */

/* Begin PBXGroup section */
		141A0B2B1A5E4E2000D44372 = {
			isa = PBXGroup;
			children = (
				141A0B361A5E4E2000D44372 /* Star Wars Jedi Database */,
				141A0B4A1A5E4E2000D44372 /* Star Wars Jedi DatabaseTests */,
				141A0B351A5E4E2000D44372 /* Products */,
			);
			sourceTree = "<group>";
		};
		141A0B351A5E4E2000D44372 /* Products */ = {
			isa = PBXGroup;
			children = (
				141A0B341A5E4E2000D44372 /* Star Wars Jedi Database.app */,
				141A0B471A5E4E2000D44372 /* Star Wars Jedi DatabaseTests.xctest */,
			);
			name = Products;
			sourceTree = "<group>";
		};
		141A0B361A5E4E2000D44372 /* Star Wars Jedi Database */ = {
			isa = PBXGroup;
			children = (
				14FC16FE1A6134F200EEA926 /* light saber table.png */,
				141DB4E31A5F8012001BA782 /* light saber horizontal.png */,
				141A0B751A5F5CA300D44372 /* light saber png.png */,
				141A0B3B1A5E4E2000D44372 /* AppDelegate.h */,
				141A0B3C1A5E4E2000D44372 /* AppDelegate.m */,
				141A0B641A5E561100D44372 /* Controllers */,
				141A0B601A5E4EB400D44372 /* Model */,
				141A0B3E1A5E4E2000D44372 /* Images.xcassets */,
				141A0B401A5E4E2000D44372 /* LaunchScreen.xib */,
				141A0B371A5E4E2000D44372 /* Supporting Files */,
			);
			path = "Star Wars Jedi Database";
			sourceTree = "<group>";
		};
		141A0B371A5E4E2000D44372 /* Supporting Files */ = {
			isa = PBXGroup;
			children = (
				141A0B381A5E4E2000D44372 /* Info.plist */,
				141A0B391A5E4E2000D44372 /* main.m */,
			);
			name = "Supporting Files";
			sourceTree = "<group>";
		};
		141A0B4A1A5E4E2000D44372 /* Star Wars Jedi DatabaseTests */ = {
			isa = PBXGroup;
			children = (
				141A0B4D1A5E4E2000D44372 /* Star_Wars_Jedi_DatabaseTests.m */,
				141A0B4B1A5E4E2000D44372 /* Supporting Files */,
			);
			path = "Star Wars Jedi DatabaseTests";
			sourceTree = "<group>";
		};
		141A0B4B1A5E4E2000D44372 /* Supporting Files */ = {
			isa = PBXGroup;
			children = (
				141A0B4C1A5E4E2000D44372 /* Info.plist */,
			);
			name = "Supporting Files";
			sourceTree = "<group>";
		};
		141A0B601A5E4EB400D44372 /* Model */ = {
			isa = PBXGroup;
			children = (
				141A0B571A5E4E7800D44372 /* BDBStarWarsCharacter.h */,
				141A0B581A5E4E7800D44372 /* BDBStarWarsCharacter.m */,
				141A0B5A1A5E4E8E00D44372 /* BDBJedi.h */,
				141A0B5B1A5E4E8E00D44372 /* BDBJedi.m */,
				141A0B5D1A5E4EA500D44372 /* BDBLightSaber.h */,
				141A0B5E1A5E4EA500D44372 /* BDBLightSaber.m */,
			);
			name = Model;
			sourceTree = "<group>";
		};
		141A0B641A5E561100D44372 /* Controllers */ = {
			isa = PBXGroup;
			children = (
				141A0B611A5E560500D44372 /* BDBJediViewController.h */,
				141A0B621A5E560500D44372 /* BDBJediViewController.m */,
				141A0B6A1A5E577E00D44372 /* Jedi Controllers */,
			);
			name = Controllers;
			sourceTree = "<group>";
		};
		141A0B6A1A5E577E00D44372 /* Jedi Controllers */ = {
			isa = PBXGroup;
			children = (
				14FC16F91A60FC5700EEA926 /* BDBJediTableViewController.h */,
				14FC16FA1A60FC5700EEA926 /* BDBJediTableViewController.m */,
				141DB4E51A5FB0A7001BA782 /* BDBMasterOfPadawanTableViewController.h */,
				141DB4E61A5FB0A7001BA782 /* BDBMasterOfPadawanTableViewController.m */,
				141A0B651A5E571500D44372 /* BDBKnightViewController.h */,
				141A0B661A5E571500D44372 /* BDBKnightViewController.m */,
				141A0B671A5E571500D44372 /* BDBKnightViewController.xib */,
			);
			name = "Jedi Controllers";
			sourceTree = "<group>";
		};
/* End PBXGroup section */

/* Begin PBXNativeTarget section */
		141A0B331A5E4E2000D44372 /* Star Wars Jedi Database */ = {
			isa = PBXNativeTarget;
			buildConfigurationList = 141A0B511A5E4E2000D44372 /* Build configuration list for PBXNativeTarget "Star Wars Jedi Database" */;
			buildPhases = (
				141A0B301A5E4E2000D44372 /* Sources */,
				141A0B311A5E4E2000D44372 /* Frameworks */,
				141A0B321A5E4E2000D44372 /* Resources */,
			);
			buildRules = (
			);
			dependencies = (
			);
			name = "Star Wars Jedi Database";
			productName = "Star Wars Jedi Database";
			productReference = 141A0B341A5E4E2000D44372 /* Star Wars Jedi Database.app */;
			productType = "com.apple.product-type.application";
		};
		141A0B461A5E4E2000D44372 /* Star Wars Jedi DatabaseTests */ = {
			isa = PBXNativeTarget;
			buildConfigurationList = 141A0B541A5E4E2000D44372 /* Build configuration list for PBXNativeTarget "Star Wars Jedi DatabaseTests" */;
			buildPhases = (
				141A0B431A5E4E2000D44372 /* Sources */,
				141A0B441A5E4E2000D44372 /* Frameworks */,
				141A0B451A5E4E2000D44372 /* Resources */,
			);
			buildRules = (
			);
			dependencies = (
				141A0B491A5E4E2000D44372 /* PBXTargetDependency */,
			);
			name = "Star Wars Jedi DatabaseTests";
			productName = "Star Wars Jedi DatabaseTests";
			productReference = 141A0B471A5E4E2000D44372 /* Star Wars Jedi DatabaseTests.xctest */;
			productType = "com.apple.product-type.bundle.unit-test";
		};
/* End PBXNativeTarget section */

/* Begin PBXProject section */
		141A0B2C1A5E4E2000D44372 /* Project object */ = {
			isa = PBXProject;
			attributes = {
				LastUpgradeCheck = 0610;
				ORGANIZATIONNAME = brunodominguez;
				TargetAttributes = {
					141A0B331A5E4E2000D44372 = {
						CreatedOnToolsVersion = 6.1.1;
					};
					141A0B461A5E4E2000D44372 = {
						CreatedOnToolsVersion = 6.1.1;
						TestTargetID = 141A0B331A5E4E2000D44372;
					};
				};
			};
			buildConfigurationList = 141A0B2F1A5E4E2000D44372 /* Build configuration list for PBXProject "Star Wars Jedi Database" */;
			compatibilityVersion = "Xcode 3.2";
			developmentRegion = English;
			hasScannedForEncodings = 0;
			knownRegions = (
				en,
				Base,
			);
			mainGroup = 141A0B2B1A5E4E2000D44372;
			productRefGroup = 141A0B351A5E4E2000D44372 /* Products */;
			projectDirPath = "";
			projectRoot = "";
			targets = (
				141A0B331A5E4E2000D44372 /* Star Wars Jedi Database */,
				141A0B461A5E4E2000D44372 /* Star Wars Jedi DatabaseTests */,
			);
		};
/* End PBXProject section */

/* Begin PBXResourcesBuildPhase section */
		141A0B321A5E4E2000D44372 /* Resources */ = {
			isa = PBXResourcesBuildPhase;
			buildActionMask = 2147483647;
			files = (
				141A0B691A5E571500D44372 /* BDBKnightViewController.xib in Resources */,
				141A0B421A5E4E2000D44372 /* LaunchScreen.xib in Resources */,
				141A0B3F1A5E4E2000D44372 /* Images.xcassets in Resources */,
				141A0B761A5F5CA300D44372 /* light saber png.png in Resources */,
				141DB4E41A5F8012001BA782 /* light saber horizontal.png in Resources */,
				14FC16FF1A6134F200EEA926 /* light saber table.png in Resources */,
			);
			runOnlyForDeploymentPostprocessing = 0;
		};
		141A0B451A5E4E2000D44372 /* Resources */ = {
			isa = PBXResourcesBuildPhase;
			buildActionMask = 2147483647;
			files = (
			);
			runOnlyForDeploymentPostprocessing = 0;
		};
/* End PBXResourcesBuildPhase section */

/* Begin PBXSourcesBuildPhase section */
		141A0B301A5E4E2000D44372 /* Sources */ = {
			isa = PBXSourcesBuildPhase;
			buildActionMask = 2147483647;
			files = (
				141DB4E71A5FB0A7001BA782 /* BDBMasterOfPadawanTableViewController.m in Sources */,
				14FC16FB1A60FC5700EEA926 /* BDBJediTableViewController.m in Sources */,
				141A0B5C1A5E4E8E00D44372 /* BDBJedi.m in Sources */,
				141A0B3D1A5E4E2000D44372 /* AppDelegate.m in Sources */,
				141A0B5F1A5E4EA500D44372 /* BDBLightSaber.m in Sources */,
				141A0B681A5E571500D44372 /* BDBKnightViewController.m in Sources */,
				141A0B591A5E4E7800D44372 /* BDBStarWarsCharacter.m in Sources */,
				141A0B3A1A5E4E2000D44372 /* main.m in Sources */,
				141A0B631A5E560500D44372 /* BDBJediViewController.m in Sources */,
			);
			runOnlyForDeploymentPostprocessing = 0;
		};
		141A0B431A5E4E2000D44372 /* Sources */ = {
			isa = PBXSourcesBuildPhase;
			buildActionMask = 2147483647;
			files = (
				141A0B4E1A5E4E2000D44372 /* Star_Wars_Jedi_DatabaseTests.m in Sources */,
			);
			runOnlyForDeploymentPostprocessing = 0;
		};
/* End PBXSourcesBuildPhase section */

/* Begin PBXTargetDependency section */
		141A0B491A5E4E2000D44372 /* PBXTargetDependency */ = {
			isa = PBXTargetDependency;
			target = 141A0B331A5E4E2000D44372 /* Star Wars Jedi Database */;
			targetProxy = 141A0B481A5E4E2000D44372 /* PBXContainerItemProxy */;
		};
/* End PBXTargetDependency section */

/* Begin PBXVariantGroup section */
		141A0B401A5E4E2000D44372 /* LaunchScreen.xib */ = {
			isa = PBXVariantGroup;
			children = (
				141A0B411A5E4E2000D44372 /* Base */,
			);
			name = LaunchScreen.xib;
			sourceTree = "<group>";
		};
/* End PBXVariantGroup section */

/* Begin XCBuildConfiguration section */
		141A0B4F1A5E4E2000D44372 /* Debug */ = {
			isa = XCBuildConfiguration;
			buildSettings = {
				ALWAYS_SEARCH_USER_PATHS = NO;
				CLANG_CXX_LANGUAGE_STANDARD = "gnu++0x";
				CLANG_CXX_LIBRARY = "libc++";
				CLANG_ENABLE_MODULES = YES;
				CLANG_ENABLE_OBJC_ARC = YES;
				CLANG_WARN_BOOL_CONVERSION = YES;
				CLANG_WARN_CONSTANT_CONVERSION = YES;
				CLANG_WARN_DIRECT_OBJC_ISA_USAGE = YES_ERROR;
				CLANG_WARN_EMPTY_BODY = YES;
				CLANG_WARN_ENUM_CONVERSION = YES;
				CLANG_WARN_INT_CONVERSION = YES;
				CLANG_WARN_OBJC_ROOT_CLASS = YES_ERROR;
				CLANG_WARN_UNREACHABLE_CODE = YES;
				CLANG_WARN__DUPLICATE_METHOD_MATCH = YES;
				"CODE_SIGN_IDENTITY[sdk=iphoneos*]" = "iPhone Developer";
				COPY_PHASE_STRIP = NO;
				ENABLE_STRICT_OBJC_MSGSEND = YES;
				GCC_C_LANGUAGE_STANDARD = gnu99;
				GCC_DYNAMIC_NO_PIC = NO;
				GCC_OPTIMIZATION_LEVEL = 0;
				GCC_PREPROCESSOR_DEFINITIONS = (
					"DEBUG=1",
					"$(inherited)",
				);
				GCC_SYMBOLS_PRIVATE_EXTERN = NO;
				GCC_WARN_64_TO_32_BIT_CONVERSION = YES;
				GCC_WARN_ABOUT_RETURN_TYPE = YES_ERROR;
				GCC_WARN_UNDECLARED_SELECTOR = YES;
				GCC_WARN_UNINITIALIZED_AUTOS = YES_AGGRESSIVE;
				GCC_WARN_UNUSED_FUNCTION = YES;
				GCC_WARN_UNUSED_VARIABLE = YES;
				IPHONEOS_DEPLOYMENT_TARGET = 8.1;
				MTL_ENABLE_DEBUG_INFO = YES;
				ONLY_ACTIVE_ARCH = YES;
				SDKROOT = iphoneos;
			};
			name = Debug;
		};
		141A0B501A5E4E2000D44372 /* Release */ = {
			isa = XCBuildConfiguration;
			buildSettings = {
				ALWAYS_SEARCH_USER_PATHS = NO;
				CLANG_CXX_LANGUAGE_STANDARD = "gnu++0x";
				CLANG_CXX_LIBRARY = "libc++";
				CLANG_ENABLE_MODULES = YES;
				CLANG_ENABLE_OBJC_ARC = YES;
				CLANG_WARN_BOOL_CONVERSION = YES;
				CLANG_WARN_CONSTANT_CONVERSION = YES;
				CLANG_WARN_DIRECT_OBJC_ISA_USAGE = YES_ERROR;
				CLANG_WARN_EMPTY_BODY = YES;
				CLANG_WARN_ENUM_CONVERSION = YES;
				CLANG_WARN_INT_CONVERSION = YES;
				CLANG_WARN_OBJC_ROOT_CLASS = YES_ERROR;
				CLANG_WARN_UNREACHABLE_CODE = YES;
				CLANG_WARN__DUPLICATE_METHOD_MATCH = YES;
				"CODE_SIGN_IDENTITY[sdk=iphoneos*]" = "iPhone Developer";
				COPY_PHASE_STRIP = YES;
				ENABLE_NS_ASSERTIONS = NO;
				ENABLE_STRICT_OBJC_MSGSEND = YES;
				GCC_C_LANGUAGE_STANDARD = gnu99;
				GCC_WARN_64_TO_32_BIT_CONVERSION = YES;
				GCC_WARN_ABOUT_RETURN_TYPE = YES_ERROR;
				GCC_WARN_UNDECLARED_SELECTOR = YES;
				GCC_WARN_UNINITIALIZED_AUTOS = YES_AGGRESSIVE;
				GCC_WARN_UNUSED_FUNCTION = YES;
				GCC_WARN_UNUSED_VARIABLE = YES;
				IPHONEOS_DEPLOYMENT_TARGET = 8.1;
				MTL_ENABLE_DEBUG_INFO = NO;
				SDKROOT = iphoneos;
				VALIDATE_PRODUCT = YES;
			};
			name = Release;
		};
		141A0B521A5E4E2000D44372 /* Debug */ = {
			isa = XCBuildConfiguration;
			buildSettings = {
				ASSETCATALOG_COMPILER_APPICON_NAME = AppIcon;
				INFOPLIST_FILE = "Star Wars Jedi Database/Info.plist";
				LD_RUNPATH_SEARCH_PATHS = "$(inherited) @executable_path/Frameworks";
				PRODUCT_NAME = "$(TARGET_NAME)";
			};
			name = Debug;
		};
		141A0B531A5E4E2000D44372 /* Release */ = {
			isa = XCBuildConfiguration;
			buildSettings = {
				ASSETCATALOG_COMPILER_APPICON_NAME = AppIcon;
				INFOPLIST_FILE = "Star Wars Jedi Database/Info.plist";
				LD_RUNPATH_SEARCH_PATHS = "$(inherited) @executable_path/Frameworks";
				PRODUCT_NAME = "$(TARGET_NAME)";
			};
			name = Release;
		};
		141A0B551A5E4E2000D44372 /* Debug */ = {
			isa = XCBuildConfiguration;
			buildSettings = {
				BUNDLE_LOADER = "$(TEST_HOST)";
				FRAMEWORK_SEARCH_PATHS = (
					"$(SDKROOT)/Developer/Library/Frameworks",
					"$(inherited)",
				);
				GCC_PREPROCESSOR_DEFINITIONS = (
					"DEBUG=1",
					"$(inherited)",
				);
				INFOPLIST_FILE = "Star Wars Jedi DatabaseTests/Info.plist";
				LD_RUNPATH_SEARCH_PATHS = "$(inherited) @executable_path/Frameworks @loader_path/Frameworks";
				PRODUCT_NAME = "$(TARGET_NAME)";
				TEST_HOST = "$(BUILT_PRODUCTS_DIR)/Star Wars Jedi Database.app/Star Wars Jedi Database";
			};
			name = Debug;
		};
		141A0B561A5E4E2000D44372 /* Release */ = {
			isa = XCBuildConfiguration;
			buildSettings = {
				BUNDLE_LOADER = "$(TEST_HOST)";
				FRAMEWORK_SEARCH_PATHS = (
					"$(SDKROOT)/Developer/Library/Frameworks",
					"$(inherited)",
				);
				INFOPLIST_FILE = "Star Wars Jedi DatabaseTests/Info.plist";
				LD_RUNPATH_SEARCH_PATHS = "$(inherited) @executable_path/Frameworks @loader_path/Frameworks";
				PRODUCT_NAME = "$(TARGET_NAME)";
				TEST_HOST = "$(BUILT_PRODUCTS_DIR)/Star Wars Jedi Database.app/Star Wars Jedi Database";
			};
			name = Release;
		};
/* End XCBuildConfiguration section */

/* Begin XCConfigurationList section */
		141A0B2F1A5E4E2000D44372 /* Build configuration list for PBXProject "Star Wars Jedi Database" */ = {
			isa = XCConfigurationList;
			buildConfigurations = (
				141A0B4F1A5E4E2000D44372 /* Debug */,
				141A0B501A5E4E2000D44372 /* Release */,
			);
			defaultConfigurationIsVisible = 0;
			defaultConfigurationName = Release;
		};
		141A0B511A5E4E2000D44372 /* Build configuration list for PBXNativeTarget "Star Wars Jedi Database" */ = {
			isa = XCConfigurationList;
			buildConfigurations = (
				141A0B521A5E4E2000D44372 /* Debug */,
				141A0B531A5E4E2000D44372 /* Release */,
			);
			defaultConfigurationIsVisible = 0;
			defaultConfigurationName = Release;
		};
		141A0B541A5E4E2000D44372 /* Build configuration list for PBXNativeTarget "Star Wars Jedi DatabaseTests" */ = {
			isa = XCConfigurationList;
			buildConfigurations = (
				141A0B551A5E4E2000D44372 /* Debug */,
				141A0B561A5E4E2000D44372 /* Release */,
			);
			defaultConfigurationIsVisible = 0;
			defaultConfigurationName = Release;
		};
/* End XCConfigurationList section */
	};
	rootObject = 141A0B2C1A5E4E2000D44372 /* Project object */;
}
